
Microsoft Visual Studio Solution File, Format Version 12.00
# Visual Studio Version 16
VisualStudioVersion = 16.0.31727.386
MinimumVisualStudioVersion = 10.0.40219.1
Project("{FAE04EC0-301F-11D3-BF4B-00C04F79EFBC}") = "Змейка", "Змейка\Змейка.csproj", "{3C9D5A95-8BE9-405E-999D-60D7B4379AFF}"
EndProject
Global
	GlobalSection(SolutionConfigurationPlatforms) = preSolution
		Debug|Any CPU = Debug|Any CPU
		Release|Any CPU = Release|Any CPU
	EndGlobalSection
	GlobalSection(ProjectConfigurationPlatforms) = postSolution
		{3C9D5A95-8BE9-405E-999D-60D7B4379AFF}.Debug|Any CPU.ActiveCfg = Debug|Any CPU
		{3C9D5A95-8BE9-405E-999D-60D7B4379AFF}.Debug|Any CPU.Build.0 = Debug|Any CPU
		{3C9D5A95-8BE9-405E-999D-60D7B4379AFF}.Release|Any CPU.ActiveCfg = Release|Any CPU
		{3C9D5A95-8BE9-405E-999D-60D7B4379AFF}.Release|Any CPU.Build.0 = Release|Any CPU
	EndGlobalSection
	GlobalSection(SolutionProperties) = preSolution
		HideSolutionNode = FALSE
	EndGlobalSection
	GlobalSection(ExtensibilityGlobals) = postSolution
		SolutionGuid = {A1B216CB-2BC5-40DE-8AED-791620A06927}
	EndGlobalSection
EndGlobal
