
Microsoft Visual Studio Solution File, Format Version 12.00
# Visual Studio Version 16
VisualStudioVersion = 16.0.31727.386
MinimumVisualStudioVersion = 10.0.40219.1
Project("{FAE04EC0-301F-11D3-BF4B-00C04F79EFBC}") = "25.10", "25.10\25.10.csproj", "{4D19CF28-BBD6-4375-9755-6DEE7FF542BB}"
EndProject
Global
	GlobalSection(SolutionConfigurationPlatforms) = preSolution
		Debug|Any CPU = Debug|Any CPU
		Release|Any CPU = Release|Any CPU
	EndGlobalSection
	GlobalSection(ProjectConfigurationPlatforms) = postSolution
		{4D19CF28-BBD6-4375-9755-6DEE7FF542BB}.Debug|Any CPU.ActiveCfg = Debug|Any CPU
		{4D19CF28-BBD6-4375-9755-6DEE7FF542BB}.Debug|Any CPU.Build.0 = Debug|Any CPU
		{4D19CF28-BBD6-4375-9755-6DEE7FF542BB}.Release|Any CPU.ActiveCfg = Release|Any CPU
		{4D19CF28-BBD6-4375-9755-6DEE7FF542BB}.Release|Any CPU.Build.0 = Release|Any CPU
	EndGlobalSection
	GlobalSection(SolutionProperties) = preSolution
		HideSolutionNode = FALSE
	EndGlobalSection
	GlobalSection(ExtensibilityGlobals) = postSolution
		SolutionGuid = {D730CE5A-9F46-4000-AFAE-781BEDC5F4E8}
	EndGlobalSection
EndGlobal
