
Microsoft Visual Studio Solution File, Format Version 12.00
# Visual Studio Version 16
VisualStudioVersion = 16.0.31727.386
MinimumVisualStudioVersion = 10.0.40219.1
Project("{FAE04EC0-301F-11D3-BF4B-00C04F79EFBC}") = "10 практическоя", "10 практическоя\10 практическоя.csproj", "{1A31FFBC-D0A9-45D2-8629-6F3E04D878C2}"
EndProject
Global
	GlobalSection(SolutionConfigurationPlatforms) = preSolution
		Debug|Any CPU = Debug|Any CPU
		Release|Any CPU = Release|Any CPU
	EndGlobalSection
	GlobalSection(ProjectConfigurationPlatforms) = postSolution
		{1A31FFBC-D0A9-45D2-8629-6F3E04D878C2}.Debug|Any CPU.ActiveCfg = Debug|Any CPU
		{1A31FFBC-D0A9-45D2-8629-6F3E04D878C2}.Debug|Any CPU.Build.0 = Debug|Any CPU
		{1A31FFBC-D0A9-45D2-8629-6F3E04D878C2}.Release|Any CPU.ActiveCfg = Release|Any CPU
		{1A31FFBC-D0A9-45D2-8629-6F3E04D878C2}.Release|Any CPU.Build.0 = Release|Any CPU
	EndGlobalSection
	GlobalSection(SolutionProperties) = preSolution
		HideSolutionNode = FALSE
	EndGlobalSection
	GlobalSection(ExtensibilityGlobals) = postSolution
		SolutionGuid = {8039B182-C952-4EF5-A271-5F32E6C9A8BB}
	EndGlobalSection
EndGlobal
