
Microsoft Visual Studio Solution File, Format Version 12.00
# Visual Studio Version 16
VisualStudioVersion = 16.0.31624.102
MinimumVisualStudioVersion = 10.0.40219.1
Project("{FAE04EC0-301F-11D3-BF4B-00C04F79EFBC}") = "WindowsFormsApp7", "WindowsFormsApp7\WindowsFormsApp7.csproj", "{4A286774-C5A5-4D23-8AF3-45337FEE2475}"
EndProject
Global
	GlobalSection(SolutionConfigurationPlatforms) = preSolution
		Debug|Any CPU = Debug|Any CPU
		Release|Any CPU = Release|Any CPU
	EndGlobalSection
	GlobalSection(ProjectConfigurationPlatforms) = postSolution
		{4A286774-C5A5-4D23-8AF3-45337FEE2475}.Debug|Any CPU.ActiveCfg = Debug|Any CPU
		{4A286774-C5A5-4D23-8AF3-45337FEE2475}.Debug|Any CPU.Build.0 = Debug|Any CPU
		{4A286774-C5A5-4D23-8AF3-45337FEE2475}.Release|Any CPU.ActiveCfg = Release|Any CPU
		{4A286774-C5A5-4D23-8AF3-45337FEE2475}.Release|Any CPU.Build.0 = Release|Any CPU
	EndGlobalSection
	GlobalSection(SolutionProperties) = preSolution
		HideSolutionNode = FALSE
	EndGlobalSection
	GlobalSection(ExtensibilityGlobals) = postSolution
		SolutionGuid = {A4A4DDE6-AE97-4239-A1CB-5DE159EFD5ED}
	EndGlobalSection
EndGlobal
