
Microsoft Visual Studio Solution File, Format Version 12.00
# Visual Studio Version 16
VisualStudioVersion = 16.0.31727.386
MinimumVisualStudioVersion = 10.0.40219.1
Project("{FAE04EC0-301F-11D3-BF4B-00C04F79EFBC}") = "практическоя 9", "практическоя 9\практическоя 9.csproj", "{27332E8A-7FF4-4EBC-B091-ACB8250E409E}"
EndProject
Global
	GlobalSection(SolutionConfigurationPlatforms) = preSolution
		Debug|Any CPU = Debug|Any CPU
		Release|Any CPU = Release|Any CPU
	EndGlobalSection
	GlobalSection(ProjectConfigurationPlatforms) = postSolution
		{27332E8A-7FF4-4EBC-B091-ACB8250E409E}.Debug|Any CPU.ActiveCfg = Debug|Any CPU
		{27332E8A-7FF4-4EBC-B091-ACB8250E409E}.Debug|Any CPU.Build.0 = Debug|Any CPU
		{27332E8A-7FF4-4EBC-B091-ACB8250E409E}.Release|Any CPU.ActiveCfg = Release|Any CPU
		{27332E8A-7FF4-4EBC-B091-ACB8250E409E}.Release|Any CPU.Build.0 = Release|Any CPU
	EndGlobalSection
	GlobalSection(SolutionProperties) = preSolution
		HideSolutionNode = FALSE
	EndGlobalSection
	GlobalSection(ExtensibilityGlobals) = postSolution
		SolutionGuid = {56A88091-C13F-43D3-A514-9B025364E467}
	EndGlobalSection
EndGlobal
