
Microsoft Visual Studio Solution File, Format Version 12.00
# Visual Studio Version 16
VisualStudioVersion = 16.0.31624.102
MinimumVisualStudioVersion = 10.0.40219.1
Project("{FAE04EC0-301F-11D3-BF4B-00C04F79EFBC}") = "WindowsFormsApp14", "WindowsFormsApp14\WindowsFormsApp14.csproj", "{40836F61-FF99-41A2-8A18-1C90B4F1B13B}"
EndProject
Global
	GlobalSection(SolutionConfigurationPlatforms) = preSolution
		Debug|Any CPU = Debug|Any CPU
		Release|Any CPU = Release|Any CPU
	EndGlobalSection
	GlobalSection(ProjectConfigurationPlatforms) = postSolution
		{40836F61-FF99-41A2-8A18-1C90B4F1B13B}.Debug|Any CPU.ActiveCfg = Debug|Any CPU
		{40836F61-FF99-41A2-8A18-1C90B4F1B13B}.Debug|Any CPU.Build.0 = Debug|Any CPU
		{40836F61-FF99-41A2-8A18-1C90B4F1B13B}.Release|Any CPU.ActiveCfg = Release|Any CPU
		{40836F61-FF99-41A2-8A18-1C90B4F1B13B}.Release|Any CPU.Build.0 = Release|Any CPU
	EndGlobalSection
	GlobalSection(SolutionProperties) = preSolution
		HideSolutionNode = FALSE
	EndGlobalSection
	GlobalSection(ExtensibilityGlobals) = postSolution
		SolutionGuid = {185B6E4B-3DBE-4B36-A7B2-5DC66DB574F5}
	EndGlobalSection
EndGlobal
