
Microsoft Visual Studio Solution File, Format Version 12.00
# Visual Studio Version 16
VisualStudioVersion = 16.0.31624.102
MinimumVisualStudioVersion = 10.0.40219.1
Project("{FAE04EC0-301F-11D3-BF4B-00C04F79EFBC}") = "CTRADANIEEEEEEE", "CTRADANIEEEEEEE\CTRADANIEEEEEEE.csproj", "{2387A122-8DE9-4DEA-BF4A-C694825E7FBB}"
EndProject
Global
	GlobalSection(SolutionConfigurationPlatforms) = preSolution
		Debug|Any CPU = Debug|Any CPU
		Release|Any CPU = Release|Any CPU
	EndGlobalSection
	GlobalSection(ProjectConfigurationPlatforms) = postSolution
		{2387A122-8DE9-4DEA-BF4A-C694825E7FBB}.Debug|Any CPU.ActiveCfg = Debug|Any CPU
		{2387A122-8DE9-4DEA-BF4A-C694825E7FBB}.Debug|Any CPU.Build.0 = Debug|Any CPU
		{2387A122-8DE9-4DEA-BF4A-C694825E7FBB}.Release|Any CPU.ActiveCfg = Release|Any CPU
		{2387A122-8DE9-4DEA-BF4A-C694825E7FBB}.Release|Any CPU.Build.0 = Release|Any CPU
	EndGlobalSection
	GlobalSection(SolutionProperties) = preSolution
		HideSolutionNode = FALSE
	EndGlobalSection
	GlobalSection(ExtensibilityGlobals) = postSolution
		SolutionGuid = {9D39C247-4D0C-49B1-A2B9-0540EDEC138F}
	EndGlobalSection
EndGlobal
