
Microsoft Visual Studio Solution File, Format Version 12.00
# Visual Studio Version 16
VisualStudioVersion = 16.0.31112.23
MinimumVisualStudioVersion = 10.0.40219.1
Project("{FAE04EC0-301F-11D3-BF4B-00C04F79EFBC}") = "Дроби", "Дроби\Дроби.csproj", "{203DE848-3C09-4DC4-B275-DBEC8F4ABB2E}"
EndProject
Global
	GlobalSection(SolutionConfigurationPlatforms) = preSolution
		Debug|Any CPU = Debug|Any CPU
		Release|Any CPU = Release|Any CPU
	EndGlobalSection
	GlobalSection(ProjectConfigurationPlatforms) = postSolution
		{203DE848-3C09-4DC4-B275-DBEC8F4ABB2E}.Debug|Any CPU.ActiveCfg = Debug|Any CPU
		{203DE848-3C09-4DC4-B275-DBEC8F4ABB2E}.Debug|Any CPU.Build.0 = Debug|Any CPU
		{203DE848-3C09-4DC4-B275-DBEC8F4ABB2E}.Release|Any CPU.ActiveCfg = Release|Any CPU
		{203DE848-3C09-4DC4-B275-DBEC8F4ABB2E}.Release|Any CPU.Build.0 = Release|Any CPU
	EndGlobalSection
	GlobalSection(SolutionProperties) = preSolution
		HideSolutionNode = FALSE
	EndGlobalSection
	GlobalSection(ExtensibilityGlobals) = postSolution
		SolutionGuid = {00B31896-1BBA-44F5-870B-1D65EEA61734}
	EndGlobalSection
EndGlobal
